
Microsoft Visual Studio Solution File, Format Version 12.00
# Visual Studio 15
VisualStudioVersion = 15.0.26228.4
MinimumVisualStudioVersion = 10.0.40219.1
Project("{FAE04EC0-301F-11D3-BF4B-00C04F79EFBC}") = "FleetManager.Shared", "FleetManager.Shared.csproj", "{EBBCDBCA-8DFA-4757-9FAF-A8E96E0CFEFB}"
EndProject
Global
	GlobalSection(SolutionConfigurationPlatforms) = preSolution
		Debug|Any CPU = Debug|Any CPU
		Release|Any CPU = Release|Any CPU
	EndGlobalSection
	GlobalSection(ProjectConfigurationPlatforms) = postSolution
		{EBBCDBCA-8DFA-4757-9FAF-A8E96E0CFEFB}.Debug|Any CPU.ActiveCfg = Debug|Any CPU
		{EBBCDBCA-8DFA-4757-9FAF-A8E96E0CFEFB}.Debug|Any CPU.Build.0 = Debug|Any CPU
		{EBBCDBCA-8DFA-4757-9FAF-A8E96E0CFEFB}.Release|Any CPU.ActiveCfg = Release|Any CPU
		{EBBCDBCA-8DFA-4757-9FAF-A8E96E0CFEFB}.Release|Any CPU.Build.0 = Release|Any CPU
	EndGlobalSection
	GlobalSection(SolutionProperties) = preSolution
		HideSolutionNode = FALSE
	EndGlobalSection
	GlobalSection(ExtensibilityGlobals) = postSolution
		SolutionGuid = {CFE38736-AC7B-4549-8662-89CF1D4CECA6}
	EndGlobalSection
EndGlobal
